
Microsoft Visual Studio Solution File, Format Version 12.00
# Visual Studio Version 17
VisualStudioVersion = 17.3.32922.545
MinimumVisualStudioVersion = 10.0.40219.1
Project("{2150E333-8FDC-42A3-9474-1A3956D46DE8}") = "0-Presentation", "0-Presentation", "{31F5F989-864C-4322-8728-5A32B1129F4D}"
EndProject
Project("{2150E333-8FDC-42A3-9474-1A3956D46DE8}") = "1-Business", "1-Business", "{E79709DE-8B77-42AC-96AF-954CC8D038C2}"
EndProject
Project("{2150E333-8FDC-42A3-9474-1A3956D46DE8}") = "2-Infra", "2-Infra", "{54A4B54F-F11E-4ACB-8A05-3C0DA07246E6}"
EndProject
Project("{9A19103F-16F7-4668-BE54-9A1E7A4F7556}") = "Presentation", "Presentation\Presentation.csproj", "{12C8907B-3F73-4CB1-9907-437FC2B1BD5D}"
EndProject
Project("{9A19103F-16F7-4668-BE54-9A1E7A4F7556}") = "Business", "Business\Business.csproj", "{80DEED79-2A38-4AC4-956A-29ECF5A4F08C}"
EndProject
Project("{9A19103F-16F7-4668-BE54-9A1E7A4F7556}") = "Infra", "Infra\Infra.csproj", "{C309A1A7-BFFF-4843-B84E-BECE98DFDA82}"
EndProject
Global
	GlobalSection(SolutionConfigurationPlatforms) = preSolution
		Debug|Any CPU = Debug|Any CPU
		Release|Any CPU = Release|Any CPU
	EndGlobalSection
	GlobalSection(ProjectConfigurationPlatforms) = postSolution
		{12C8907B-3F73-4CB1-9907-437FC2B1BD5D}.Debug|Any CPU.ActiveCfg = Debug|Any CPU
		{12C8907B-3F73-4CB1-9907-437FC2B1BD5D}.Debug|Any CPU.Build.0 = Debug|Any CPU
		{12C8907B-3F73-4CB1-9907-437FC2B1BD5D}.Release|Any CPU.ActiveCfg = Release|Any CPU
		{12C8907B-3F73-4CB1-9907-437FC2B1BD5D}.Release|Any CPU.Build.0 = Release|Any CPU
		{80DEED79-2A38-4AC4-956A-29ECF5A4F08C}.Debug|Any CPU.ActiveCfg = Debug|Any CPU
		{80DEED79-2A38-4AC4-956A-29ECF5A4F08C}.Debug|Any CPU.Build.0 = Debug|Any CPU
		{80DEED79-2A38-4AC4-956A-29ECF5A4F08C}.Release|Any CPU.ActiveCfg = Release|Any CPU
		{80DEED79-2A38-4AC4-956A-29ECF5A4F08C}.Release|Any CPU.Build.0 = Release|Any CPU
		{C309A1A7-BFFF-4843-B84E-BECE98DFDA82}.Debug|Any CPU.ActiveCfg = Debug|Any CPU
		{C309A1A7-BFFF-4843-B84E-BECE98DFDA82}.Debug|Any CPU.Build.0 = Debug|Any CPU
		{C309A1A7-BFFF-4843-B84E-BECE98DFDA82}.Release|Any CPU.ActiveCfg = Release|Any CPU
		{C309A1A7-BFFF-4843-B84E-BECE98DFDA82}.Release|Any CPU.Build.0 = Release|Any CPU
	EndGlobalSection
	GlobalSection(SolutionProperties) = preSolution
		HideSolutionNode = FALSE
	EndGlobalSection
	GlobalSection(NestedProjects) = preSolution
		{12C8907B-3F73-4CB1-9907-437FC2B1BD5D} = {31F5F989-864C-4322-8728-5A32B1129F4D}
		{80DEED79-2A38-4AC4-956A-29ECF5A4F08C} = {E79709DE-8B77-42AC-96AF-954CC8D038C2}
		{C309A1A7-BFFF-4843-B84E-BECE98DFDA82} = {54A4B54F-F11E-4ACB-8A05-3C0DA07246E6}
	EndGlobalSection
	GlobalSection(ExtensibilityGlobals) = postSolution
		SolutionGuid = {E0F07592-DD02-44B8-B719-3B8FB1687CEE}
	EndGlobalSection
EndGlobal
